
Microsoft Visual Studio Solution File, Format Version 12.00
Project("{2150E333-8FDC-42A3-9474-1A3956D46DE8}") = "Solution Files", "Solution Files", "{872D1FB9-8394-4C1F-8AC0-A90071D03B8F}"
	ProjectSection(SolutionItems) = preProject
		.editorconfig = .editorconfig
		.gitignore = .gitignore
	EndProjectSection
EndProject
Project("{FAE04EC0-301F-11D3-BF4B-00C04F79EFBC}") = "WC.Library.BCryptPasswordHash", "src\WC.Library.BCryptPasswordHash\WC.Library.BCryptPasswordHash.csproj", "{6783843A-EA59-41C7-94C6-C9D9A64AE6C9}"
EndProject
Project("{FAE04EC0-301F-11D3-BF4B-00C04F79EFBC}") = "WC.Library.BCryptPasswordHash.Abstactions", "src\WC.Library.BCryptPasswordHash.Abstactions\WC.Library.BCryptPasswordHash.Abstactions.csproj", "{A44D64FD-7BBF-4E47-ADEA-9FB3EF9739D6}"
EndProject
Global
	GlobalSection(SolutionConfigurationPlatforms) = preSolution
		Debug|Any CPU = Debug|Any CPU
		Release|Any CPU = Release|Any CPU
	EndGlobalSection
	GlobalSection(ProjectConfigurationPlatforms) = postSolution
		{6783843A-EA59-41C7-94C6-C9D9A64AE6C9}.Debug|Any CPU.ActiveCfg = Debug|Any CPU
		{6783843A-EA59-41C7-94C6-C9D9A64AE6C9}.Debug|Any CPU.Build.0 = Debug|Any CPU
		{6783843A-EA59-41C7-94C6-C9D9A64AE6C9}.Release|Any CPU.ActiveCfg = Release|Any CPU
		{6783843A-EA59-41C7-94C6-C9D9A64AE6C9}.Release|Any CPU.Build.0 = Release|Any CPU
		{A44D64FD-7BBF-4E47-ADEA-9FB3EF9739D6}.Debug|Any CPU.ActiveCfg = Debug|Any CPU
		{A44D64FD-7BBF-4E47-ADEA-9FB3EF9739D6}.Debug|Any CPU.Build.0 = Debug|Any CPU
		{A44D64FD-7BBF-4E47-ADEA-9FB3EF9739D6}.Release|Any CPU.ActiveCfg = Release|Any CPU
		{A44D64FD-7BBF-4E47-ADEA-9FB3EF9739D6}.Release|Any CPU.Build.0 = Release|Any CPU
	EndGlobalSection
EndGlobal
